
Microsoft Visual Studio Solution File, Format Version 12.00
# Visual Studio Version 17
VisualStudioVersion = 17.3.32825.248
MinimumVisualStudioVersion = 10.0.40219.1
Project("{FAE04EC0-301F-11D3-BF4B-00C04F79EFBC}") = "application", "application\application.csproj", "{1AE619EB-3666-42F1-BA99-978F5742BC92}"
EndProject
Global
	GlobalSection(SolutionConfigurationPlatforms) = preSolution
		Debug|Any CPU = Debug|Any CPU
		Release|Any CPU = Release|Any CPU
	EndGlobalSection
	GlobalSection(ProjectConfigurationPlatforms) = postSolution
		{1AE619EB-3666-42F1-BA99-978F5742BC92}.Debug|Any CPU.ActiveCfg = Debug|Any CPU
		{1AE619EB-3666-42F1-BA99-978F5742BC92}.Debug|Any CPU.Build.0 = Debug|Any CPU
		{1AE619EB-3666-42F1-BA99-978F5742BC92}.Release|Any CPU.ActiveCfg = Release|Any CPU
		{1AE619EB-3666-42F1-BA99-978F5742BC92}.Release|Any CPU.Build.0 = Release|Any CPU
	EndGlobalSection
	GlobalSection(SolutionProperties) = preSolution
		HideSolutionNode = FALSE
	EndGlobalSection
	GlobalSection(ExtensibilityGlobals) = postSolution
		SolutionGuid = {82A2DD1D-ABF7-48F6-B2EA-F61291E82FAD}
	EndGlobalSection
EndGlobal
